
Microsoft Visual Studio Solution File, Format Version 12.00
# Visual Studio Version 17
VisualStudioVersion = 17.4.33403.182
MinimumVisualStudioVersion = 10.0.40219.1
Project("{FAE04EC0-301F-11D3-BF4B-00C04F79EFBC}") = "gpt3", "ConsoleApp1\gpt3.csproj", "{76362C7C-98DA-4119-A6B4-BBEF1203C568}"
EndProject
Global
	GlobalSection(SolutionConfigurationPlatforms) = preSolution
		Debug|Any CPU = Debug|Any CPU
		Release|Any CPU = Release|Any CPU
	EndGlobalSection
	GlobalSection(ProjectConfigurationPlatforms) = postSolution
		{76362C7C-98DA-4119-A6B4-BBEF1203C568}.Debug|Any CPU.ActiveCfg = Debug|Any CPU
		{76362C7C-98DA-4119-A6B4-BBEF1203C568}.Debug|Any CPU.Build.0 = Debug|Any CPU
		{76362C7C-98DA-4119-A6B4-BBEF1203C568}.Release|Any CPU.ActiveCfg = Release|Any CPU
		{76362C7C-98DA-4119-A6B4-BBEF1203C568}.Release|Any CPU.Build.0 = Release|Any CPU
	EndGlobalSection
	GlobalSection(SolutionProperties) = preSolution
		HideSolutionNode = FALSE
	EndGlobalSection
	GlobalSection(ExtensibilityGlobals) = postSolution
		SolutionGuid = {2D607072-423F-46AD-8EA8-750FDF8428CA}
	EndGlobalSection
EndGlobal
